
Microsoft Visual Studio Solution File, Format Version 12.00
# Visual Studio Version 16
VisualStudioVersion = 25.0.1706.9
MinimumVisualStudioVersion = 10.0.40219.1
Project("{FAE04EC0-301F-11D3-BF4B-00C04F79EFBC}") = "SQL_FinalLab", "SQL_FinalLab\SQL_FinalLab.csproj", "{21D81A98-B4ED-4267-91F4-8232F02B5535}"
EndProject
Project("{FAE04EC0-301F-11D3-BF4B-00C04F79EFBC}") = "IPBLL", "IPBLL\IPBLL.csproj", "{3C11444B-FB20-4CF1-ADB0-0F54BAD3EC63}"
EndProject
Project("{FAE04EC0-301F-11D3-BF4B-00C04F79EFBC}") = "IPDAL", "IPDAL\IPDAL.csproj", "{1713FF1E-912F-4AFB-BFBD-A70FCBCC2EAD}"
EndProject
Project("{FAE04EC0-301F-11D3-BF4B-00C04F79EFBC}") = "IPENTITIES", "IPENTITIES\IPENTITIES.csproj", "{8CDC2C17-4B58-4A1B-A9A4-98C91BE8FF94}"
EndProject
Global
	GlobalSection(SolutionConfigurationPlatforms) = preSolution
		Debug|Any CPU = Debug|Any CPU
		Release|Any CPU = Release|Any CPU
	EndGlobalSection
	GlobalSection(ProjectConfigurationPlatforms) = postSolution
		{21D81A98-B4ED-4267-91F4-8232F02B5535}.Debug|Any CPU.ActiveCfg = Debug|Any CPU
		{21D81A98-B4ED-4267-91F4-8232F02B5535}.Debug|Any CPU.Build.0 = Debug|Any CPU
		{21D81A98-B4ED-4267-91F4-8232F02B5535}.Release|Any CPU.ActiveCfg = Release|Any CPU
		{21D81A98-B4ED-4267-91F4-8232F02B5535}.Release|Any CPU.Build.0 = Release|Any CPU
		{3C11444B-FB20-4CF1-ADB0-0F54BAD3EC63}.Debug|Any CPU.ActiveCfg = Debug|Any CPU
		{3C11444B-FB20-4CF1-ADB0-0F54BAD3EC63}.Debug|Any CPU.Build.0 = Debug|Any CPU
		{3C11444B-FB20-4CF1-ADB0-0F54BAD3EC63}.Release|Any CPU.ActiveCfg = Release|Any CPU
		{3C11444B-FB20-4CF1-ADB0-0F54BAD3EC63}.Release|Any CPU.Build.0 = Release|Any CPU
		{1713FF1E-912F-4AFB-BFBD-A70FCBCC2EAD}.Debug|Any CPU.ActiveCfg = Debug|Any CPU
		{1713FF1E-912F-4AFB-BFBD-A70FCBCC2EAD}.Debug|Any CPU.Build.0 = Debug|Any CPU
		{1713FF1E-912F-4AFB-BFBD-A70FCBCC2EAD}.Release|Any CPU.ActiveCfg = Release|Any CPU
		{1713FF1E-912F-4AFB-BFBD-A70FCBCC2EAD}.Release|Any CPU.Build.0 = Release|Any CPU
		{8CDC2C17-4B58-4A1B-A9A4-98C91BE8FF94}.Debug|Any CPU.ActiveCfg = Debug|Any CPU
		{8CDC2C17-4B58-4A1B-A9A4-98C91BE8FF94}.Debug|Any CPU.Build.0 = Debug|Any CPU
		{8CDC2C17-4B58-4A1B-A9A4-98C91BE8FF94}.Release|Any CPU.ActiveCfg = Release|Any CPU
		{8CDC2C17-4B58-4A1B-A9A4-98C91BE8FF94}.Release|Any CPU.Build.0 = Release|Any CPU
	EndGlobalSection
	GlobalSection(SolutionProperties) = preSolution
		HideSolutionNode = FALSE
	EndGlobalSection
	GlobalSection(ExtensibilityGlobals) = postSolution
		SolutionGuid = {881BACF7-501D-4DB4-ADF0-9636352946E4}
	EndGlobalSection
EndGlobal
